
Microsoft Visual Studio Solution File, Format Version 12.00
Project("{FAE04EC0-301F-11D3-BF4B-00C04F79EFBC}") = "RedisConsoleApp", "RedisConsoleApp\RedisConsoleApp.csproj", "{A5CD07D3-17B6-4C84-998F-EDF92F950A98}"
EndProject
Global
	GlobalSection(SolutionConfigurationPlatforms) = preSolution
		Debug|Any CPU = Debug|Any CPU
		Release|Any CPU = Release|Any CPU
	EndGlobalSection
	GlobalSection(ProjectConfigurationPlatforms) = postSolution
		{A5CD07D3-17B6-4C84-998F-EDF92F950A98}.Debug|Any CPU.ActiveCfg = Debug|Any CPU
		{A5CD07D3-17B6-4C84-998F-EDF92F950A98}.Debug|Any CPU.Build.0 = Debug|Any CPU
		{A5CD07D3-17B6-4C84-998F-EDF92F950A98}.Release|Any CPU.ActiveCfg = Release|Any CPU
		{A5CD07D3-17B6-4C84-998F-EDF92F950A98}.Release|Any CPU.Build.0 = Release|Any CPU
	EndGlobalSection
EndGlobal
